
Microsoft Visual Studio Solution File, Format Version 12.00
# Visual Studio Version 16
VisualStudioVersion = 16.0.31424.327
MinimumVisualStudioVersion = 10.0.40219.1
Project("{FAE04EC0-301F-11D3-BF4B-00C04F79EFBC}") = "LibrosLeidos", "LibrosLeidos\LibrosLeidos.csproj", "{8414BDDE-8D7B-419E-BCD3-D62C8AC828B6}"
EndProject
Global
	GlobalSection(SolutionConfigurationPlatforms) = preSolution
		Debug|Any CPU = Debug|Any CPU
		Release|Any CPU = Release|Any CPU
	EndGlobalSection
	GlobalSection(ProjectConfigurationPlatforms) = postSolution
		{8414BDDE-8D7B-419E-BCD3-D62C8AC828B6}.Debug|Any CPU.ActiveCfg = Debug|Any CPU
		{8414BDDE-8D7B-419E-BCD3-D62C8AC828B6}.Debug|Any CPU.Build.0 = Debug|Any CPU
		{8414BDDE-8D7B-419E-BCD3-D62C8AC828B6}.Release|Any CPU.ActiveCfg = Release|Any CPU
		{8414BDDE-8D7B-419E-BCD3-D62C8AC828B6}.Release|Any CPU.Build.0 = Release|Any CPU
	EndGlobalSection
	GlobalSection(SolutionProperties) = preSolution
		HideSolutionNode = FALSE
	EndGlobalSection
	GlobalSection(ExtensibilityGlobals) = postSolution
		SolutionGuid = {71FD62C3-41DE-4324-862A-3F9A6EF3D0C1}
	EndGlobalSection
EndGlobal
